
Microsoft Visual Studio Solution File, Format Version 12.00
# Visual Studio Version 16
VisualStudioVersion = 16.0.31624.102
MinimumVisualStudioVersion = 10.0.40219.1
Project("{FAE04EC0-301F-11D3-BF4B-00C04F79EFBC}") = "TaskProcessor", "TaskProcessor.csproj", "{387EBDBA-4179-4172-AD66-D40B6430857D}"
EndProject
Global
	GlobalSection(SolutionConfigurationPlatforms) = preSolution
		Debug|Any CPU = Debug|Any CPU
		Release|Any CPU = Release|Any CPU
	EndGlobalSection
	GlobalSection(ProjectConfigurationPlatforms) = postSolution
		{387EBDBA-4179-4172-AD66-D40B6430857D}.Debug|Any CPU.ActiveCfg = Debug|Any CPU
		{387EBDBA-4179-4172-AD66-D40B6430857D}.Debug|Any CPU.Build.0 = Debug|Any CPU
		{387EBDBA-4179-4172-AD66-D40B6430857D}.Release|Any CPU.ActiveCfg = Release|Any CPU
		{387EBDBA-4179-4172-AD66-D40B6430857D}.Release|Any CPU.Build.0 = Release|Any CPU
	EndGlobalSection
	GlobalSection(SolutionProperties) = preSolution
		HideSolutionNode = FALSE
	EndGlobalSection
	GlobalSection(ExtensibilityGlobals) = postSolution
		SolutionGuid = {20319818-EF41-40B2-AC4E-6D05F0118052}
	EndGlobalSection
EndGlobal
